{
  "name": "fetchurlhash",
  "version": "1.0.0",
  "lockfileVersion": 1,
  "requires": true,
  "dependencies": {
    "undici": {
      "version": "4.14.1",
      "resolved": "https://artifactory.us.caas.oneadp.com/artifactory/api/npm/lifion-npm/undici/-/undici-4.14.1.tgz",
      "integrity": "sha1-djOxQ6ihDW1jM14AUR0HHo1Sodk="
    }
  }
}
